// !$*UTF8*$!
{
	archiveVersion = 1;
	classes = {
	};
	objectVersion = 50;
	objects = {

/* Begin PBXBuildFile section */
		4EEDB8E721DA1C07BC3D20A7 /* Pods_RicosCafe.framework in Frameworks */ = {isa = PBXBuildFile; fileRef = D6B5D51E2A4209FC56C29D3C /* Pods_RicosCafe.framework */; };
		7EBBF7D68FD3CB1B4B970B1F /* Pods_RicosCafeTests.framework in Frameworks */ = {isa = PBXBuildFile; fileRef = 93C94E689EF63B6BBFAF10C6 /* Pods_RicosCafeTests.framework */; };
		A807F79621D2F0C7009D00B5 /* ProductsBuilder.swift in Sources */ = {isa = PBXBuildFile; fileRef = A807F79521D2F0C7009D00B5 /* ProductsBuilder.swift */; };
		A807F79921D2F1FF009D00B5 /* ProductsViewController.swift in Sources */ = {isa = PBXBuildFile; fileRef = A807F79721D2F1FF009D00B5 /* ProductsViewController.swift */; };
		A807F79A21D2F1FF009D00B5 /* ProductsViewController.xib in Resources */ = {isa = PBXBuildFile; fileRef = A807F79821D2F1FF009D00B5 /* ProductsViewController.xib */; };
		A807F79C21D2FEDC009D00B5 /* DynamicValueTests.swift in Sources */ = {isa = PBXBuildFile; fileRef = A807F79B21D2FEDC009D00B5 /* DynamicValueTests.swift */; };
		A83EC02221D3EFF2001AF8CB /* Product.swift in Sources */ = {isa = PBXBuildFile; fileRef = A83EC02121D3EFF2001AF8CB /* Product.swift */; };
		A83EC02621D3F513001AF8CB /* ProductViewModel.swift in Sources */ = {isa = PBXBuildFile; fileRef = A83EC02521D3F513001AF8CB /* ProductViewModel.swift */; };
		A83EC02A21D3F7DE001AF8CB /* Protocols.swift in Sources */ = {isa = PBXBuildFile; fileRef = A83EC02921D3F7DE001AF8CB /* Protocols.swift */; };
		A83EC02C21D41BCC001AF8CB /* ProductsPresenterTests.swift in Sources */ = {isa = PBXBuildFile; fileRef = A83EC02B21D41BCC001AF8CB /* ProductsPresenterTests.swift */; };
		A84A827821DD1771001A9472 /* ProductsTableViewController.swift in Sources */ = {isa = PBXBuildFile; fileRef = A84A827621DD1771001A9472 /* ProductsTableViewController.swift */; };
		A84A827921DD1771001A9472 /* ProductsTableViewController.xib in Resources */ = {isa = PBXBuildFile; fileRef = A84A827721DD1771001A9472 /* ProductsTableViewController.xib */; };
		A84A827C21DD253F001A9472 /* ProductTableViewCell.swift in Sources */ = {isa = PBXBuildFile; fileRef = A84A827A21DD253F001A9472 /* ProductTableViewCell.swift */; };
		A84A827D21DD253F001A9472 /* ProductTableViewCell.xib in Resources */ = {isa = PBXBuildFile; fileRef = A84A827B21DD253F001A9472 /* ProductTableViewCell.xib */; };
		A84BCE0421D7C9E600FD2362 /* TableViewDataSourceTests.swift in Sources */ = {isa = PBXBuildFile; fileRef = A84BCE0321D7C9E600FD2362 /* TableViewDataSourceTests.swift */; };
		A84E508C21DA707A002989F5 /* ProductsPresenter.swift in Sources */ = {isa = PBXBuildFile; fileRef = A84E508B21DA707A002989F5 /* ProductsPresenter.swift */; };
		A85CF61E21D9992400733513 /* UnboxDataAdapter.swift in Sources */ = {isa = PBXBuildFile; fileRef = A85CF61D21D9992400733513 /* UnboxDataAdapter.swift */; };
		A85CF62021D9A2E000733513 /* UnboxDataAdapterTests.swift in Sources */ = {isa = PBXBuildFile; fileRef = A85CF61F21D9A2E000733513 /* UnboxDataAdapterTests.swift */; };
		A863A41321AF07E500E73566 /* AppDelegate.swift in Sources */ = {isa = PBXBuildFile; fileRef = A863A41221AF07E500E73566 /* AppDelegate.swift */; };
		A863A41A21AF07E700E73566 /* Assets.xcassets in Resources */ = {isa = PBXBuildFile; fileRef = A863A41921AF07E700E73566 /* Assets.xcassets */; };
		A863A41D21AF07E700E73566 /* LaunchScreen.storyboard in Resources */ = {isa = PBXBuildFile; fileRef = A863A41B21AF07E700E73566 /* LaunchScreen.storyboard */; };
		A863A43321AF07E700E73566 /* RicosCafeUITests.swift in Sources */ = {isa = PBXBuildFile; fileRef = A863A43221AF07E700E73566 /* RicosCafeUITests.swift */; };
		A863A44A21AF0D9200E73566 /* AppBuilder.swift in Sources */ = {isa = PBXBuildFile; fileRef = A863A44921AF0D9200E73566 /* AppBuilder.swift */; };
		A863A44C21AF0E2900E73566 /* TabBarBuilder.swift in Sources */ = {isa = PBXBuildFile; fileRef = A863A44B21AF0E2900E73566 /* TabBarBuilder.swift */; };
		A863A44E21AF100A00E73566 /* AppBuilderTests.swift in Sources */ = {isa = PBXBuildFile; fileRef = A863A44D21AF100A00E73566 /* AppBuilderTests.swift */; };
		A863A45221AF127E00E73566 /* Main.storyboard in Resources */ = {isa = PBXBuildFile; fileRef = A863A45121AF127E00E73566 /* Main.storyboard */; };
		A863A45421AF138500E73566 /* TabBarBuilderTests.swift in Sources */ = {isa = PBXBuildFile; fileRef = A863A45321AF138500E73566 /* TabBarBuilderTests.swift */; };
		A88A2D2021E0203500137749 /* ProductsInteractorTests.swift in Sources */ = {isa = PBXBuildFile; fileRef = A88A2D1F21E0203500137749 /* ProductsInteractorTests.swift */; };
		A88A2D2221E026B700137749 /* ColorManager.swift in Sources */ = {isa = PBXBuildFile; fileRef = A88A2D2121E026B700137749 /* ColorManager.swift */; };
		A88A2D2521E02B3B00137749 /* BlueColorTheme.swift in Sources */ = {isa = PBXBuildFile; fileRef = A88A2D2421E02B3B00137749 /* BlueColorTheme.swift */; };
		A8A4094521D51DB000C8C755 /* Podfile in Resources */ = {isa = PBXBuildFile; fileRef = A8A4094421D51DB000C8C755 /* Podfile */; };
		A8DE069421DBC446007F912F /* Enumerations.swift in Sources */ = {isa = PBXBuildFile; fileRef = A8DE069321DBC446007F912F /* Enumerations.swift */; };
		A8DE069821DBD28E007F912F /* Service.swift in Sources */ = {isa = PBXBuildFile; fileRef = A8DE069721DBD28E007F912F /* Service.swift */; };
		A8E5BB7D21D5B19600AEFC36 /* ProductsInteractor.swift in Sources */ = {isa = PBXBuildFile; fileRef = A8E5BB7C21D5B19500AEFC36 /* ProductsInteractor.swift */; };
		A8F379CC21D664AF003A03FE /* LocalStoreTests.swift in Sources */ = {isa = PBXBuildFile; fileRef = A8F379CB21D664AF003A03FE /* LocalStoreTests.swift */; };
		A8F379D021D67D0E003A03FE /* ServiceTests.swift in Sources */ = {isa = PBXBuildFile; fileRef = A8F379CF21D67D0E003A03FE /* ServiceTests.swift */; };
		A8FE3E9321D9372D008F8B08 /* ProductsBuilderTests.swift in Sources */ = {isa = PBXBuildFile; fileRef = A8FE3E9221D9372D008F8B08 /* ProductsBuilderTests.swift */; };
		A8FFA4042204FBD600E4BC7A /* LocalDataUrlGenerator.swift in Sources */ = {isa = PBXBuildFile; fileRef = A8FFA4032204FBD600E4BC7A /* LocalDataUrlGenerator.swift */; };
/* End PBXBuildFile section */

/* Begin PBXContainerItemProxy section */
		A863A42421AF07E700E73566 /* PBXContainerItemProxy */ = {
			isa = PBXContainerItemProxy;
			containerPortal = A863A40721AF07E500E73566 /* Project object */;
			proxyType = 1;
			remoteGlobalIDString = A863A40E21AF07E500E73566;
			remoteInfo = RicosCafe;
		};
		A863A42F21AF07E700E73566 /* PBXContainerItemProxy */ = {
			isa = PBXContainerItemProxy;
			containerPortal = A863A40721AF07E500E73566 /* Project object */;
			proxyType = 1;
			remoteGlobalIDString = A863A40E21AF07E500E73566;
			remoteInfo = RicosCafe;
		};
/* End PBXContainerItemProxy section */

/* Begin PBXFileReference section */
		6A5B0A76C5973BAAB2DC8928 /* Pods-RicosCafe.release.xcconfig */ = {isa = PBXFileReference; includeInIndex = 1; lastKnownFileType = text.xcconfig; name = "Pods-RicosCafe.release.xcconfig"; path = "Pods/Target Support Files/Pods-RicosCafe/Pods-RicosCafe.release.xcconfig"; sourceTree = "<group>"; };
		7A4EB740CD80F10564FCE66F /* Pods-RicosCafe.debug.xcconfig */ = {isa = PBXFileReference; includeInIndex = 1; lastKnownFileType = text.xcconfig; name = "Pods-RicosCafe.debug.xcconfig"; path = "Pods/Target Support Files/Pods-RicosCafe/Pods-RicosCafe.debug.xcconfig"; sourceTree = "<group>"; };
		8BA05BA28DAF99607C194EAE /* Pods-RicosCafeTests.release.xcconfig */ = {isa = PBXFileReference; includeInIndex = 1; lastKnownFileType = text.xcconfig; name = "Pods-RicosCafeTests.release.xcconfig"; path = "Pods/Target Support Files/Pods-RicosCafeTests/Pods-RicosCafeTests.release.xcconfig"; sourceTree = "<group>"; };
		93C94E689EF63B6BBFAF10C6 /* Pods_RicosCafeTests.framework */ = {isa = PBXFileReference; explicitFileType = wrapper.framework; includeInIndex = 0; path = Pods_RicosCafeTests.framework; sourceTree = BUILT_PRODUCTS_DIR; };
		A807F79521D2F0C7009D00B5 /* ProductsBuilder.swift */ = {isa = PBXFileReference; lastKnownFileType = sourcecode.swift; path = ProductsBuilder.swift; sourceTree = "<group>"; };
		A807F79721D2F1FF009D00B5 /* ProductsViewController.swift */ = {isa = PBXFileReference; lastKnownFileType = sourcecode.swift; path = ProductsViewController.swift; sourceTree = "<group>"; };
		A807F79821D2F1FF009D00B5 /* ProductsViewController.xib */ = {isa = PBXFileReference; lastKnownFileType = file.xib; path = ProductsViewController.xib; sourceTree = "<group>"; };
		A807F79B21D2FEDC009D00B5 /* DynamicValueTests.swift */ = {isa = PBXFileReference; lastKnownFileType = sourcecode.swift; path = DynamicValueTests.swift; sourceTree = "<group>"; };
		A83EC02121D3EFF2001AF8CB /* Product.swift */ = {isa = PBXFileReference; lastKnownFileType = sourcecode.swift; path = Product.swift; sourceTree = "<group>"; };
		A83EC02521D3F513001AF8CB /* ProductViewModel.swift */ = {isa = PBXFileReference; lastKnownFileType = sourcecode.swift; path = ProductViewModel.swift; sourceTree = "<group>"; };
		A83EC02921D3F7DE001AF8CB /* Protocols.swift */ = {isa = PBXFileReference; lastKnownFileType = sourcecode.swift; path = Protocols.swift; sourceTree = "<group>"; };
		A83EC02B21D41BCC001AF8CB /* ProductsPresenterTests.swift */ = {isa = PBXFileReference; lastKnownFileType = sourcecode.swift; path = ProductsPresenterTests.swift; sourceTree = "<group>"; };
		A84A827621DD1771001A9472 /* ProductsTableViewController.swift */ = {isa = PBXFileReference; lastKnownFileType = sourcecode.swift; path = ProductsTableViewController.swift; sourceTree = "<group>"; };
		A84A827721DD1771001A9472 /* ProductsTableViewController.xib */ = {isa = PBXFileReference; lastKnownFileType = file.xib; path = ProductsTableViewController.xib; sourceTree = "<group>"; };
		A84A827A21DD253F001A9472 /* ProductTableViewCell.swift */ = {isa = PBXFileReference; lastKnownFileType = sourcecode.swift; path = ProductTableViewCell.swift; sourceTree = "<group>"; };
		A84A827B21DD253F001A9472 /* ProductTableViewCell.xib */ = {isa = PBXFileReference; lastKnownFileType = file.xib; path = ProductTableViewCell.xib; sourceTree = "<group>"; };
		A84BCE0321D7C9E600FD2362 /* TableViewDataSourceTests.swift */ = {isa = PBXFileReference; lastKnownFileType = sourcecode.swift; path = TableViewDataSourceTests.swift; sourceTree = "<group>"; };
		A84E508B21DA707A002989F5 /* ProductsPresenter.swift */ = {isa = PBXFileReference; lastKnownFileType = sourcecode.swift; path = ProductsPresenter.swift; sourceTree = "<group>"; };
		A85CF61D21D9992400733513 /* UnboxDataAdapter.swift */ = {isa = PBXFileReference; lastKnownFileType = sourcecode.swift; path = UnboxDataAdapter.swift; sourceTree = "<group>"; };
		A85CF61F21D9A2E000733513 /* UnboxDataAdapterTests.swift */ = {isa = PBXFileReference; lastKnownFileType = sourcecode.swift; path = UnboxDataAdapterTests.swift; sourceTree = "<group>"; };
		A863A40F21AF07E500E73566 /* RicosCafe.app */ = {isa = PBXFileReference; explicitFileType = wrapper.application; includeInIndex = 0; path = RicosCafe.app; sourceTree = BUILT_PRODUCTS_DIR; };
		A863A41221AF07E500E73566 /* AppDelegate.swift */ = {isa = PBXFileReference; lastKnownFileType = sourcecode.swift; path = AppDelegate.swift; sourceTree = "<group>"; };
		A863A41921AF07E700E73566 /* Assets.xcassets */ = {isa = PBXFileReference; lastKnownFileType = folder.assetcatalog; path = Assets.xcassets; sourceTree = "<group>"; };
		A863A41C21AF07E700E73566 /* Base */ = {isa = PBXFileReference; lastKnownFileType = file.storyboard; name = Base; path = Base.lproj/LaunchScreen.storyboard; sourceTree = "<group>"; };
		A863A41E21AF07E700E73566 /* Info.plist */ = {isa = PBXFileReference; lastKnownFileType = text.plist.xml; path = Info.plist; sourceTree = "<group>"; };
		A863A42321AF07E700E73566 /* RicosCafeTests.xctest */ = {isa = PBXFileReference; explicitFileType = wrapper.cfbundle; includeInIndex = 0; path = RicosCafeTests.xctest; sourceTree = BUILT_PRODUCTS_DIR; };
		A863A42921AF07E700E73566 /* Info.plist */ = {isa = PBXFileReference; lastKnownFileType = text.plist.xml; path = Info.plist; sourceTree = "<group>"; };
		A863A42E21AF07E700E73566 /* RicosCafeUITests.xctest */ = {isa = PBXFileReference; explicitFileType = wrapper.cfbundle; includeInIndex = 0; path = RicosCafeUITests.xctest; sourceTree = BUILT_PRODUCTS_DIR; };
		A863A43221AF07E700E73566 /* RicosCafeUITests.swift */ = {isa = PBXFileReference; lastKnownFileType = sourcecode.swift; path = RicosCafeUITests.swift; sourceTree = "<group>"; };
		A863A43421AF07E700E73566 /* Info.plist */ = {isa = PBXFileReference; lastKnownFileType = text.plist.xml; path = Info.plist; sourceTree = "<group>"; };
		A863A44921AF0D9200E73566 /* AppBuilder.swift */ = {isa = PBXFileReference; lastKnownFileType = sourcecode.swift; path = AppBuilder.swift; sourceTree = "<group>"; };
		A863A44B21AF0E2900E73566 /* TabBarBuilder.swift */ = {isa = PBXFileReference; lastKnownFileType = sourcecode.swift; path = TabBarBuilder.swift; sourceTree = "<group>"; };
		A863A44D21AF100A00E73566 /* AppBuilderTests.swift */ = {isa = PBXFileReference; lastKnownFileType = sourcecode.swift; path = AppBuilderTests.swift; sourceTree = "<group>"; };
		A863A45121AF127E00E73566 /* Main.storyboard */ = {isa = PBXFileReference; lastKnownFileType = file.storyboard; path = Main.storyboard; sourceTree = "<group>"; };
		A863A45321AF138500E73566 /* TabBarBuilderTests.swift */ = {isa = PBXFileReference; lastKnownFileType = sourcecode.swift; path = TabBarBuilderTests.swift; sourceTree = "<group>"; };
		A88A2D1F21E0203500137749 /* ProductsInteractorTests.swift */ = {isa = PBXFileReference; lastKnownFileType = sourcecode.swift; path = ProductsInteractorTests.swift; sourceTree = "<group>"; };
		A88A2D2121E026B700137749 /* ColorManager.swift */ = {isa = PBXFileReference; lastKnownFileType = sourcecode.swift; path = ColorManager.swift; sourceTree = "<group>"; };
		A88A2D2421E02B3B00137749 /* BlueColorTheme.swift */ = {isa = PBXFileReference; lastKnownFileType = sourcecode.swift; path = BlueColorTheme.swift; sourceTree = "<group>"; };
		A8A4094421D51DB000C8C755 /* Podfile */ = {isa = PBXFileReference; fileEncoding = 4; lastKnownFileType = text; path = Podfile; sourceTree = SOURCE_ROOT; xcLanguageSpecificationIdentifier = xcode.lang.ruby; };
		A8DE069321DBC446007F912F /* Enumerations.swift */ = {isa = PBXFileReference; lastKnownFileType = sourcecode.swift; path = Enumerations.swift; sourceTree = "<group>"; };
		A8DE069721DBD28E007F912F /* Service.swift */ = {isa = PBXFileReference; fileEncoding = 4; lastKnownFileType = sourcecode.swift; path = Service.swift; sourceTree = "<group>"; };
		A8E5BB7C21D5B19500AEFC36 /* ProductsInteractor.swift */ = {isa = PBXFileReference; fileEncoding = 4; lastKnownFileType = sourcecode.swift; path = ProductsInteractor.swift; sourceTree = "<group>"; };
		A8F379CB21D664AF003A03FE /* LocalStoreTests.swift */ = {isa = PBXFileReference; lastKnownFileType = sourcecode.swift; path = LocalStoreTests.swift; sourceTree = "<group>"; };
		A8F379CF21D67D0E003A03FE /* ServiceTests.swift */ = {isa = PBXFileReference; lastKnownFileType = sourcecode.swift; path = ServiceTests.swift; sourceTree = "<group>"; };
		A8FE3E9221D9372D008F8B08 /* ProductsBuilderTests.swift */ = {isa = PBXFileReference; lastKnownFileType = sourcecode.swift; path = ProductsBuilderTests.swift; sourceTree = "<group>"; };
		A8FFA4032204FBD600E4BC7A /* LocalDataUrlGenerator.swift */ = {isa = PBXFileReference; lastKnownFileType = sourcecode.swift; path = LocalDataUrlGenerator.swift; sourceTree = "<group>"; };
		D6B5D51E2A4209FC56C29D3C /* Pods_RicosCafe.framework */ = {isa = PBXFileReference; explicitFileType = wrapper.framework; includeInIndex = 0; path = Pods_RicosCafe.framework; sourceTree = BUILT_PRODUCTS_DIR; };
		F402D9E639BBF7F4619C55AF /* Pods-RicosCafeTests.debug.xcconfig */ = {isa = PBXFileReference; includeInIndex = 1; lastKnownFileType = text.xcconfig; name = "Pods-RicosCafeTests.debug.xcconfig"; path = "Pods/Target Support Files/Pods-RicosCafeTests/Pods-RicosCafeTests.debug.xcconfig"; sourceTree = "<group>"; };
/* End PBXFileReference section */

/* Begin PBXFrameworksBuildPhase section */
		A863A40C21AF07E500E73566 /* Frameworks */ = {
			isa = PBXFrameworksBuildPhase;
			buildActionMask = 2147483647;
			files = (
				4EEDB8E721DA1C07BC3D20A7 /* Pods_RicosCafe.framework in Frameworks */,
			);
			runOnlyForDeploymentPostprocessing = 0;
		};
		A863A42021AF07E700E73566 /* Frameworks */ = {
			isa = PBXFrameworksBuildPhase;
			buildActionMask = 2147483647;
			files = (
				7EBBF7D68FD3CB1B4B970B1F /* Pods_RicosCafeTests.framework in Frameworks */,
			);
			runOnlyForDeploymentPostprocessing = 0;
		};
		A863A42B21AF07E700E73566 /* Frameworks */ = {
			isa = PBXFrameworksBuildPhase;
			buildActionMask = 2147483647;
			files = (
			);
			runOnlyForDeploymentPostprocessing = 0;
		};
/* End PBXFrameworksBuildPhase section */

/* Begin PBXGroup section */
		0A283D9C4FD08AAA40A4004B /* Pods */ = {
			isa = PBXGroup;
			children = (
				7A4EB740CD80F10564FCE66F /* Pods-RicosCafe.debug.xcconfig */,
				6A5B0A76C5973BAAB2DC8928 /* Pods-RicosCafe.release.xcconfig */,
				F402D9E639BBF7F4619C55AF /* Pods-RicosCafeTests.debug.xcconfig */,
				8BA05BA28DAF99607C194EAE /* Pods-RicosCafeTests.release.xcconfig */,
			);
			name = Pods;
			sourceTree = "<group>";
		};
		3CE6AA2F5B2DC581C7ED71D2 /* Frameworks */ = {
			isa = PBXGroup;
			children = (
				D6B5D51E2A4209FC56C29D3C /* Pods_RicosCafe.framework */,
				93C94E689EF63B6BBFAF10C6 /* Pods_RicosCafeTests.framework */,
			);
			name = Frameworks;
			sourceTree = "<group>";
		};
		A807F78E21D2ED2A009D00B5 /* BusinessLogic */ = {
			isa = PBXGroup;
			children = (
			);
			path = BusinessLogic;
			sourceTree = "<group>";
		};
		A807F78F21D2ED2A009D00B5 /* View */ = {
			isa = PBXGroup;
			children = (
				A807F79721D2F1FF009D00B5 /* ProductsViewController.swift */,
				A807F79821D2F1FF009D00B5 /* ProductsViewController.xib */,
				A84A827621DD1771001A9472 /* ProductsTableViewController.swift */,
				A84A827721DD1771001A9472 /* ProductsTableViewController.xib */,
				A84A827A21DD253F001A9472 /* ProductTableViewCell.swift */,
				A84A827B21DD253F001A9472 /* ProductTableViewCell.xib */,
			);
			path = View;
			sourceTree = "<group>";
		};
		A807F79021D2ED2A009D00B5 /* ApplicationLayer */ = {
			isa = PBXGroup;
			children = (
				A8E5BB7C21D5B19500AEFC36 /* ProductsInteractor.swift */,
				A83EC02521D3F513001AF8CB /* ProductViewModel.swift */,
				A84E508B21DA707A002989F5 /* ProductsPresenter.swift */,
			);
			path = ApplicationLayer;
			sourceTree = "<group>";
		};
		A83EC02021D3EFDF001AF8CB /* Models */ = {
			isa = PBXGroup;
			children = (
				A83EC02121D3EFF2001AF8CB /* Product.swift */,
			);
			path = Models;
			sourceTree = "<group>";
		};
		A863A40621AF07E500E73566 = {
			isa = PBXGroup;
			children = (
				A863A41121AF07E500E73566 /* RicosCafe */,
				A863A42621AF07E700E73566 /* RicosCafeTests */,
				A863A43121AF07E700E73566 /* RicosCafeUITests */,
				A863A41021AF07E500E73566 /* Products */,
				0A283D9C4FD08AAA40A4004B /* Pods */,
				3CE6AA2F5B2DC581C7ED71D2 /* Frameworks */,
			);
			sourceTree = "<group>";
		};
		A863A41021AF07E500E73566 /* Products */ = {
			isa = PBXGroup;
			children = (
				A863A40F21AF07E500E73566 /* RicosCafe.app */,
				A863A42321AF07E700E73566 /* RicosCafeTests.xctest */,
				A863A42E21AF07E700E73566 /* RicosCafeUITests.xctest */,
			);
			name = Products;
			sourceTree = "<group>";
		};
		A863A41121AF07E500E73566 /* RicosCafe */ = {
			isa = PBXGroup;
			children = (
				A863A44421AF0BDB00E73566 /* App */,
				A863A44521AF0BE500E73566 /* Tab */,
				A863A44021AF0AA800E73566 /* Scenes */,
				A83EC02021D3EFDF001AF8CB /* Models */,
				A863A44621AF0C0A00E73566 /* Shared */,
				A863A41221AF07E500E73566 /* AppDelegate.swift */,
				A863A41921AF07E700E73566 /* Assets.xcassets */,
				A863A41E21AF07E700E73566 /* Info.plist */,
				A863A45121AF127E00E73566 /* Main.storyboard */,
				A8A4094421D51DB000C8C755 /* Podfile */,
			);
			path = RicosCafe;
			sourceTree = "<group>";
		};
		A863A42621AF07E700E73566 /* RicosCafeTests */ = {
			isa = PBXGroup;
			children = (
				A863A42921AF07E700E73566 /* Info.plist */,
				A863A44D21AF100A00E73566 /* AppBuilderTests.swift */,
				A863A45321AF138500E73566 /* TabBarBuilderTests.swift */,
				A8FE3E9221D9372D008F8B08 /* ProductsBuilderTests.swift */,
				A83EC02B21D41BCC001AF8CB /* ProductsPresenterTests.swift */,
				A807F79B21D2FEDC009D00B5 /* DynamicValueTests.swift */,
				A8F379CB21D664AF003A03FE /* LocalStoreTests.swift */,
				A8F379CF21D67D0E003A03FE /* ServiceTests.swift */,
				A84BCE0321D7C9E600FD2362 /* TableViewDataSourceTests.swift */,
				A85CF61F21D9A2E000733513 /* UnboxDataAdapterTests.swift */,
				A88A2D1F21E0203500137749 /* ProductsInteractorTests.swift */,
			);
			path = RicosCafeTests;
			sourceTree = "<group>";
		};
		A863A43121AF07E700E73566 /* RicosCafeUITests */ = {
			isa = PBXGroup;
			children = (
				A863A43221AF07E700E73566 /* RicosCafeUITests.swift */,
				A863A43421AF07E700E73566 /* Info.plist */,
			);
			path = RicosCafeUITests;
			sourceTree = "<group>";
		};
		A863A44021AF0AA800E73566 /* Scenes */ = {
			isa = PBXGroup;
			children = (
				A863A44121AF0AA800E73566 /* Products */,
			);
			path = Scenes;
			sourceTree = "<group>";
		};
		A863A44121AF0AA800E73566 /* Products */ = {
			isa = PBXGroup;
			children = (
				A807F79521D2F0C7009D00B5 /* ProductsBuilder.swift */,
				A807F78F21D2ED2A009D00B5 /* View */,
				A807F79021D2ED2A009D00B5 /* ApplicationLayer */,
				A807F78E21D2ED2A009D00B5 /* BusinessLogic */,
			);
			path = Products;
			sourceTree = "<group>";
		};
		A863A44421AF0BDB00E73566 /* App */ = {
			isa = PBXGroup;
			children = (
				A863A44921AF0D9200E73566 /* AppBuilder.swift */,
				A863A41B21AF07E700E73566 /* LaunchScreen.storyboard */,
				A88A2D2121E026B700137749 /* ColorManager.swift */,
				A88A2D2321E02B1F00137749 /* Colors */,
			);
			path = App;
			sourceTree = "<group>";
		};
		A863A44521AF0BE500E73566 /* Tab */ = {
			isa = PBXGroup;
			children = (
				A863A44B21AF0E2900E73566 /* TabBarBuilder.swift */,
			);
			path = Tab;
			sourceTree = "<group>";
		};
		A863A44621AF0C0A00E73566 /* Shared */ = {
			isa = PBXGroup;
			children = (
				A8DE069321DBC446007F912F /* Enumerations.swift */,
				A83EC02921D3F7DE001AF8CB /* Protocols.swift */,
				A8F379D121D68E06003A03FE /* BusinessLogic */,
				A8FFA4032204FBD600E4BC7A /* LocalDataUrlGenerator.swift */,
			);
			path = Shared;
			sourceTree = "<group>";
		};
		A88A2D2321E02B1F00137749 /* Colors */ = {
			isa = PBXGroup;
			children = (
				A88A2D2421E02B3B00137749 /* BlueColorTheme.swift */,
			);
			path = Colors;
			sourceTree = "<group>";
		};
		A8F379D121D68E06003A03FE /* BusinessLogic */ = {
			isa = PBXGroup;
			children = (
				A85CF61D21D9992400733513 /* UnboxDataAdapter.swift */,
				A8DE069721DBD28E007F912F /* Service.swift */,
			);
			path = BusinessLogic;
			sourceTree = "<group>";
		};
/* End PBXGroup section */

/* Begin PBXNativeTarget section */
		A863A40E21AF07E500E73566 /* RicosCafe */ = {
			isa = PBXNativeTarget;
			buildConfigurationList = A863A43721AF07E700E73566 /* Build configuration list for PBXNativeTarget "RicosCafe" */;
			buildPhases = (
				E47F0A06FCD6A0D7A66E6885 /* [CP] Check Pods Manifest.lock */,
				A863A40B21AF07E500E73566 /* Sources */,
				A863A40C21AF07E500E73566 /* Frameworks */,
				A863A40D21AF07E500E73566 /* Resources */,
				95FA3380400A274AAC1F85A4 /* [CP] Embed Pods Frameworks */,
				A8756B9C21DC2C28009F8382 /* SwiftLint */,
			);
			buildRules = (
			);
			dependencies = (
			);
			name = RicosCafe;
			productName = RicosCafe;
			productReference = A863A40F21AF07E500E73566 /* RicosCafe.app */;
			productType = "com.apple.product-type.application";
		};
		A863A42221AF07E700E73566 /* RicosCafeTests */ = {
			isa = PBXNativeTarget;
			buildConfigurationList = A863A43A21AF07E700E73566 /* Build configuration list for PBXNativeTarget "RicosCafeTests" */;
			buildPhases = (
				2265C356D8C2E6A480D0E798 /* [CP] Check Pods Manifest.lock */,
				A863A41F21AF07E700E73566 /* Sources */,
				A863A42021AF07E700E73566 /* Frameworks */,
				A863A42121AF07E700E73566 /* Resources */,
			);
			buildRules = (
			);
			dependencies = (
				A863A42521AF07E700E73566 /* PBXTargetDependency */,
			);
			name = RicosCafeTests;
			productName = RicosCafeTests;
			productReference = A863A42321AF07E700E73566 /* RicosCafeTests.xctest */;
			productType = "com.apple.product-type.bundle.unit-test";
		};
		A863A42D21AF07E700E73566 /* RicosCafeUITests */ = {
			isa = PBXNativeTarget;
			buildConfigurationList = A863A43D21AF07E700E73566 /* Build configuration list for PBXNativeTarget "RicosCafeUITests" */;
			buildPhases = (
				A863A42A21AF07E700E73566 /* Sources */,
				A863A42B21AF07E700E73566 /* Frameworks */,
				A863A42C21AF07E700E73566 /* Resources */,
			);
			buildRules = (
			);
			dependencies = (
				A863A43021AF07E700E73566 /* PBXTargetDependency */,
			);
			name = RicosCafeUITests;
			productName = RicosCafeUITests;
			productReference = A863A42E21AF07E700E73566 /* RicosCafeUITests.xctest */;
			productType = "com.apple.product-type.bundle.ui-testing";
		};
/* End PBXNativeTarget section */

/* Begin PBXProject section */
		A863A40721AF07E500E73566 /* Project object */ = {
			isa = PBXProject;
			attributes = {
				LastSwiftUpdateCheck = 1010;
				LastUpgradeCheck = 1010;
				ORGANIZATIONNAME = tiguer;
				TargetAttributes = {
					A863A40E21AF07E500E73566 = {
						CreatedOnToolsVersion = 10.1;
					};
					A863A42221AF07E700E73566 = {
						CreatedOnToolsVersion = 10.1;
						LastSwiftMigration = 1010;
						TestTargetID = A863A40E21AF07E500E73566;
					};
					A863A42D21AF07E700E73566 = {
						CreatedOnToolsVersion = 10.1;
						TestTargetID = A863A40E21AF07E500E73566;
					};
				};
			};
			buildConfigurationList = A863A40A21AF07E500E73566 /* Build configuration list for PBXProject "RicosCafe" */;
			compatibilityVersion = "Xcode 9.3";
			developmentRegion = en;
			hasScannedForEncodings = 0;
			knownRegions = (
				en,
				Base,
			);
			mainGroup = A863A40621AF07E500E73566;
			productRefGroup = A863A41021AF07E500E73566 /* Products */;
			projectDirPath = "";
			projectRoot = "";
			targets = (
				A863A40E21AF07E500E73566 /* RicosCafe */,
				A863A42221AF07E700E73566 /* RicosCafeTests */,
				A863A42D21AF07E700E73566 /* RicosCafeUITests */,
			);
		};
/* End PBXProject section */

/* Begin PBXResourcesBuildPhase section */
		A863A40D21AF07E500E73566 /* Resources */ = {
			isa = PBXResourcesBuildPhase;
			buildActionMask = 2147483647;
			files = (
				A8A4094521D51DB000C8C755 /* Podfile in Resources */,
				A863A45221AF127E00E73566 /* Main.storyboard in Resources */,
				A863A41D21AF07E700E73566 /* LaunchScreen.storyboard in Resources */,
				A863A41A21AF07E700E73566 /* Assets.xcassets in Resources */,
				A84A827921DD1771001A9472 /* ProductsTableViewController.xib in Resources */,
				A807F79A21D2F1FF009D00B5 /* ProductsViewController.xib in Resources */,
				A84A827D21DD253F001A9472 /* ProductTableViewCell.xib in Resources */,
			);
			runOnlyForDeploymentPostprocessing = 0;
		};
		A863A42121AF07E700E73566 /* Resources */ = {
			isa = PBXResourcesBuildPhase;
			buildActionMask = 2147483647;
			files = (
			);
			runOnlyForDeploymentPostprocessing = 0;
		};
		A863A42C21AF07E700E73566 /* Resources */ = {
			isa = PBXResourcesBuildPhase;
			buildActionMask = 2147483647;
			files = (
			);
			runOnlyForDeploymentPostprocessing = 0;
		};
/* End PBXResourcesBuildPhase section */

/* Begin PBXShellScriptBuildPhase section */
		2265C356D8C2E6A480D0E798 /* [CP] Check Pods Manifest.lock */ = {
			isa = PBXShellScriptBuildPhase;
			buildActionMask = 2147483647;
			files = (
			);
			inputPaths = (
				"${PODS_PODFILE_DIR_PATH}/Podfile.lock",
				"${PODS_ROOT}/Manifest.lock",
			);
			name = "[CP] Check Pods Manifest.lock";
			outputPaths = (
				"$(DERIVED_FILE_DIR)/Pods-RicosCafeTests-checkManifestLockResult.txt",
			);
			runOnlyForDeploymentPostprocessing = 0;
			shellPath = /bin/sh;
			shellScript = "diff \"${PODS_PODFILE_DIR_PATH}/Podfile.lock\" \"${PODS_ROOT}/Manifest.lock\" > /dev/null\nif [ $? != 0 ] ; then\n    # print error to STDERR\n    echo \"error: The sandbox is not in sync with the Podfile.lock. Run 'pod install' or update your CocoaPods installation.\" >&2\n    exit 1\nfi\n# This output is used by Xcode 'outputs' to avoid re-running this script phase.\necho \"SUCCESS\" > \"${SCRIPT_OUTPUT_FILE_0}\"\n";
			showEnvVarsInLog = 0;
		};
		95FA3380400A274AAC1F85A4 /* [CP] Embed Pods Frameworks */ = {
			isa = PBXShellScriptBuildPhase;
			buildActionMask = 2147483647;
			files = (
			);
			inputPaths = (
				"${SRCROOT}/Pods/Target Support Files/Pods-RicosCafe/Pods-RicosCafe-frameworks.sh",
				"${BUILT_PRODUCTS_DIR}/ChameleonFramework/ChameleonFramework.framework",
				"${BUILT_PRODUCTS_DIR}/Promis/Promis.framework",
				"${BUILT_PRODUCTS_DIR}/Unbox/Unbox.framework",
			);
			name = "[CP] Embed Pods Frameworks";
			outputPaths = (
				"${TARGET_BUILD_DIR}/${FRAMEWORKS_FOLDER_PATH}/ChameleonFramework.framework",
				"${TARGET_BUILD_DIR}/${FRAMEWORKS_FOLDER_PATH}/Promis.framework",
				"${TARGET_BUILD_DIR}/${FRAMEWORKS_FOLDER_PATH}/Unbox.framework",
			);
			runOnlyForDeploymentPostprocessing = 0;
			shellPath = /bin/sh;
			shellScript = "\"${SRCROOT}/Pods/Target Support Files/Pods-RicosCafe/Pods-RicosCafe-frameworks.sh\"\n";
			showEnvVarsInLog = 0;
		};
		A8756B9C21DC2C28009F8382 /* SwiftLint */ = {
			isa = PBXShellScriptBuildPhase;
			buildActionMask = 2147483647;
			files = (
			);
			inputPaths = (
			);
			name = SwiftLint;
			outputPaths = (
			);
			runOnlyForDeploymentPostprocessing = 0;
			shellPath = /bin/sh;
			shellScript = "if which swiftlint >/dev/null; then\n    swiftlint\nelse\n    echo \"warning: SwiftLint not installed, download from https://github.com/realm/SwiftLint\"\nfi\n";
		};
		E47F0A06FCD6A0D7A66E6885 /* [CP] Check Pods Manifest.lock */ = {
			isa = PBXShellScriptBuildPhase;
			buildActionMask = 2147483647;
			files = (
			);
			inputPaths = (
				"${PODS_PODFILE_DIR_PATH}/Podfile.lock",
				"${PODS_ROOT}/Manifest.lock",
			);
			name = "[CP] Check Pods Manifest.lock";
			outputPaths = (
				"$(DERIVED_FILE_DIR)/Pods-RicosCafe-checkManifestLockResult.txt",
			);
			runOnlyForDeploymentPostprocessing = 0;
			shellPath = /bin/sh;
			shellScript = "diff \"${PODS_PODFILE_DIR_PATH}/Podfile.lock\" \"${PODS_ROOT}/Manifest.lock\" > /dev/null\nif [ $? != 0 ] ; then\n    # print error to STDERR\n    echo \"error: The sandbox is not in sync with the Podfile.lock. Run 'pod install' or update your CocoaPods installation.\" >&2\n    exit 1\nfi\n# This output is used by Xcode 'outputs' to avoid re-running this script phase.\necho \"SUCCESS\" > \"${SCRIPT_OUTPUT_FILE_0}\"\n";
			showEnvVarsInLog = 0;
		};
/* End PBXShellScriptBuildPhase section */

/* Begin PBXSourcesBuildPhase section */
		A863A40B21AF07E500E73566 /* Sources */ = {
			isa = PBXSourcesBuildPhase;
			buildActionMask = 2147483647;
			files = (
				A83EC02221D3EFF2001AF8CB /* Product.swift in Sources */,
				A83EC02A21D3F7DE001AF8CB /* Protocols.swift in Sources */,
				A8E5BB7D21D5B19600AEFC36 /* ProductsInteractor.swift in Sources */,
				A8FFA4042204FBD600E4BC7A /* LocalDataUrlGenerator.swift in Sources */,
				A85CF61E21D9992400733513 /* UnboxDataAdapter.swift in Sources */,
				A863A41321AF07E500E73566 /* AppDelegate.swift in Sources */,
				A84A827C21DD253F001A9472 /* ProductTableViewCell.swift in Sources */,
				A8DE069421DBC446007F912F /* Enumerations.swift in Sources */,
				A863A44C21AF0E2900E73566 /* TabBarBuilder.swift in Sources */,
				A88A2D2521E02B3B00137749 /* BlueColorTheme.swift in Sources */,
				A83EC02621D3F513001AF8CB /* ProductViewModel.swift in Sources */,
				A863A44A21AF0D9200E73566 /* AppBuilder.swift in Sources */,
				A8DE069821DBD28E007F912F /* Service.swift in Sources */,
				A88A2D2221E026B700137749 /* ColorManager.swift in Sources */,
				A84E508C21DA707A002989F5 /* ProductsPresenter.swift in Sources */,
				A807F79621D2F0C7009D00B5 /* ProductsBuilder.swift in Sources */,
				A84A827821DD1771001A9472 /* ProductsTableViewController.swift in Sources */,
				A807F79921D2F1FF009D00B5 /* ProductsViewController.swift in Sources */,
			);
			runOnlyForDeploymentPostprocessing = 0;
		};
		A863A41F21AF07E700E73566 /* Sources */ = {
			isa = PBXSourcesBuildPhase;
			buildActionMask = 2147483647;
			files = (
				A8FE3E9321D9372D008F8B08 /* ProductsBuilderTests.swift in Sources */,
				A8F379D021D67D0E003A03FE /* ServiceTests.swift in Sources */,
				A84BCE0421D7C9E600FD2362 /* TableViewDataSourceTests.swift in Sources */,
				A807F79C21D2FEDC009D00B5 /* DynamicValueTests.swift in Sources */,
				A88A2D2021E0203500137749 /* ProductsInteractorTests.swift in Sources */,
				A83EC02C21D41BCC001AF8CB /* ProductsPresenterTests.swift in Sources */,
				A8F379CC21D664AF003A03FE /* LocalStoreTests.swift in Sources */,
				A863A45421AF138500E73566 /* TabBarBuilderTests.swift in Sources */,
				A85CF62021D9A2E000733513 /* UnboxDataAdapterTests.swift in Sources */,
				A863A44E21AF100A00E73566 /* AppBuilderTests.swift in Sources */,
			);
			runOnlyForDeploymentPostprocessing = 0;
		};
		A863A42A21AF07E700E73566 /* Sources */ = {
			isa = PBXSourcesBuildPhase;
			buildActionMask = 2147483647;
			files = (
				A863A43321AF07E700E73566 /* RicosCafeUITests.swift in Sources */,
			);
			runOnlyForDeploymentPostprocessing = 0;
		};
/* End PBXSourcesBuildPhase section */

/* Begin PBXTargetDependency section */
		A863A42521AF07E700E73566 /* PBXTargetDependency */ = {
			isa = PBXTargetDependency;
			target = A863A40E21AF07E500E73566 /* RicosCafe */;
			targetProxy = A863A42421AF07E700E73566 /* PBXContainerItemProxy */;
		};
		A863A43021AF07E700E73566 /* PBXTargetDependency */ = {
			isa = PBXTargetDependency;
			target = A863A40E21AF07E500E73566 /* RicosCafe */;
			targetProxy = A863A42F21AF07E700E73566 /* PBXContainerItemProxy */;
		};
/* End PBXTargetDependency section */

/* Begin PBXVariantGroup section */
		A863A41B21AF07E700E73566 /* LaunchScreen.storyboard */ = {
			isa = PBXVariantGroup;
			children = (
				A863A41C21AF07E700E73566 /* Base */,
			);
			name = LaunchScreen.storyboard;
			sourceTree = "<group>";
		};
/* End PBXVariantGroup section */

/* Begin XCBuildConfiguration section */
		A863A43521AF07E700E73566 /* Debug */ = {
			isa = XCBuildConfiguration;
			buildSettings = {
				ALWAYS_SEARCH_USER_PATHS = NO;
				CLANG_ANALYZER_NONNULL = YES;
				CLANG_ANALYZER_NUMBER_OBJECT_CONVERSION = YES_AGGRESSIVE;
				CLANG_CXX_LANGUAGE_STANDARD = "gnu++14";
				CLANG_CXX_LIBRARY = "libc++";
				CLANG_ENABLE_MODULES = YES;
				CLANG_ENABLE_OBJC_ARC = YES;
				CLANG_ENABLE_OBJC_WEAK = YES;
				CLANG_WARN_BLOCK_CAPTURE_AUTORELEASING = YES;
				CLANG_WARN_BOOL_CONVERSION = YES;
				CLANG_WARN_COMMA = YES;
				CLANG_WARN_CONSTANT_CONVERSION = YES;
				CLANG_WARN_DEPRECATED_OBJC_IMPLEMENTATIONS = YES;
				CLANG_WARN_DIRECT_OBJC_ISA_USAGE = YES_ERROR;
				CLANG_WARN_DOCUMENTATION_COMMENTS = YES;
				CLANG_WARN_EMPTY_BODY = YES;
				CLANG_WARN_ENUM_CONVERSION = YES;
				CLANG_WARN_INFINITE_RECURSION = YES;
				CLANG_WARN_INT_CONVERSION = YES;
				CLANG_WARN_NON_LITERAL_NULL_CONVERSION = YES;
				CLANG_WARN_OBJC_IMPLICIT_RETAIN_SELF = YES;
				CLANG_WARN_OBJC_LITERAL_CONVERSION = YES;
				CLANG_WARN_OBJC_ROOT_CLASS = YES_ERROR;
				CLANG_WARN_RANGE_LOOP_ANALYSIS = YES;
				CLANG_WARN_STRICT_PROTOTYPES = YES;
				CLANG_WARN_SUSPICIOUS_MOVE = YES;
				CLANG_WARN_UNGUARDED_AVAILABILITY = YES_AGGRESSIVE;
				CLANG_WARN_UNREACHABLE_CODE = YES;
				CLANG_WARN__DUPLICATE_METHOD_MATCH = YES;
				CODE_SIGN_IDENTITY = "iPhone Developer";
				COPY_PHASE_STRIP = NO;
				DEBUG_INFORMATION_FORMAT = dwarf;
				ENABLE_STRICT_OBJC_MSGSEND = YES;
				ENABLE_TESTABILITY = YES;
				GCC_C_LANGUAGE_STANDARD = gnu11;
				GCC_DYNAMIC_NO_PIC = NO;
				GCC_NO_COMMON_BLOCKS = YES;
				GCC_OPTIMIZATION_LEVEL = 0;
				GCC_PREPROCESSOR_DEFINITIONS = (
					"DEBUG=1",
					"$(inherited)",
				);
				GCC_WARN_64_TO_32_BIT_CONVERSION = YES;
				GCC_WARN_ABOUT_RETURN_TYPE = YES_ERROR;
				GCC_WARN_UNDECLARED_SELECTOR = YES;
				GCC_WARN_UNINITIALIZED_AUTOS = YES_AGGRESSIVE;
				GCC_WARN_UNUSED_FUNCTION = YES;
				GCC_WARN_UNUSED_VARIABLE = YES;
				IPHONEOS_DEPLOYMENT_TARGET = 12.1;
				MTL_ENABLE_DEBUG_INFO = INCLUDE_SOURCE;
				MTL_FAST_MATH = YES;
				ONLY_ACTIVE_ARCH = YES;
				SDKROOT = iphoneos;
				SWIFT_ACTIVE_COMPILATION_CONDITIONS = DEBUG;
				SWIFT_OPTIMIZATION_LEVEL = "-Onone";
			};
			name = Debug;
		};
		A863A43621AF07E700E73566 /* Release */ = {
			isa = XCBuildConfiguration;
			buildSettings = {
				ALWAYS_SEARCH_USER_PATHS = NO;
				CLANG_ANALYZER_NONNULL = YES;
				CLANG_ANALYZER_NUMBER_OBJECT_CONVERSION = YES_AGGRESSIVE;
				CLANG_CXX_LANGUAGE_STANDARD = "gnu++14";
				CLANG_CXX_LIBRARY = "libc++";
				CLANG_ENABLE_MODULES = YES;
				CLANG_ENABLE_OBJC_ARC = YES;
				CLANG_ENABLE_OBJC_WEAK = YES;
				CLANG_WARN_BLOCK_CAPTURE_AUTORELEASING = YES;
				CLANG_WARN_BOOL_CONVERSION = YES;
				CLANG_WARN_COMMA = YES;
				CLANG_WARN_CONSTANT_CONVERSION = YES;
				CLANG_WARN_DEPRECATED_OBJC_IMPLEMENTATIONS = YES;
				CLANG_WARN_DIRECT_OBJC_ISA_USAGE = YES_ERROR;
				CLANG_WARN_DOCUMENTATION_COMMENTS = YES;
				CLANG_WARN_EMPTY_BODY = YES;
				CLANG_WARN_ENUM_CONVERSION = YES;
				CLANG_WARN_INFINITE_RECURSION = YES;
				CLANG_WARN_INT_CONVERSION = YES;
				CLANG_WARN_NON_LITERAL_NULL_CONVERSION = YES;
				CLANG_WARN_OBJC_IMPLICIT_RETAIN_SELF = YES;
				CLANG_WARN_OBJC_LITERAL_CONVERSION = YES;
				CLANG_WARN_OBJC_ROOT_CLASS = YES_ERROR;
				CLANG_WARN_RANGE_LOOP_ANALYSIS = YES;
				CLANG_WARN_STRICT_PROTOTYPES = YES;
				CLANG_WARN_SUSPICIOUS_MOVE = YES;
				CLANG_WARN_UNGUARDED_AVAILABILITY = YES_AGGRESSIVE;
				CLANG_WARN_UNREACHABLE_CODE = YES;
				CLANG_WARN__DUPLICATE_METHOD_MATCH = YES;
				CODE_SIGN_IDENTITY = "iPhone Developer";
				COPY_PHASE_STRIP = NO;
				DEBUG_INFORMATION_FORMAT = "dwarf-with-dsym";
				ENABLE_NS_ASSERTIONS = NO;
				ENABLE_STRICT_OBJC_MSGSEND = YES;
				GCC_C_LANGUAGE_STANDARD = gnu11;
				GCC_NO_COMMON_BLOCKS = YES;
				GCC_WARN_64_TO_32_BIT_CONVERSION = YES;
				GCC_WARN_ABOUT_RETURN_TYPE = YES_ERROR;
				GCC_WARN_UNDECLARED_SELECTOR = YES;
				GCC_WARN_UNINITIALIZED_AUTOS = YES_AGGRESSIVE;
				GCC_WARN_UNUSED_FUNCTION = YES;
				GCC_WARN_UNUSED_VARIABLE = YES;
				IPHONEOS_DEPLOYMENT_TARGET = 12.1;
				MTL_ENABLE_DEBUG_INFO = NO;
				MTL_FAST_MATH = YES;
				SDKROOT = iphoneos;
				SWIFT_COMPILATION_MODE = wholemodule;
				SWIFT_OPTIMIZATION_LEVEL = "-O";
				VALIDATE_PRODUCT = YES;
			};
			name = Release;
		};
		A863A43821AF07E700E73566 /* Debug */ = {
			isa = XCBuildConfiguration;
			baseConfigurationReference = 7A4EB740CD80F10564FCE66F /* Pods-RicosCafe.debug.xcconfig */;
			buildSettings = {
				ASSETCATALOG_COMPILER_APPICON_NAME = AppIcon;
				CODE_SIGN_STYLE = Automatic;
				DEVELOPMENT_TEAM = K6R8L8WN5N;
				INFOPLIST_FILE = RicosCafe/Info.plist;
				LD_RUNPATH_SEARCH_PATHS = (
					"$(inherited)",
					"@executable_path/Frameworks",
				);
				PRODUCT_BUNDLE_IDENTIFIER = com.tiguer.RicosCafe;
				PRODUCT_NAME = "$(TARGET_NAME)";
				SWIFT_VERSION = 4.2;
				TARGETED_DEVICE_FAMILY = "1,2";
			};
			name = Debug;
		};
		A863A43921AF07E700E73566 /* Release */ = {
			isa = XCBuildConfiguration;
			baseConfigurationReference = 6A5B0A76C5973BAAB2DC8928 /* Pods-RicosCafe.release.xcconfig */;
			buildSettings = {
				ASSETCATALOG_COMPILER_APPICON_NAME = AppIcon;
				CODE_SIGN_STYLE = Automatic;
				DEVELOPMENT_TEAM = K6R8L8WN5N;
				INFOPLIST_FILE = RicosCafe/Info.plist;
				LD_RUNPATH_SEARCH_PATHS = (
					"$(inherited)",
					"@executable_path/Frameworks",
				);
				PRODUCT_BUNDLE_IDENTIFIER = com.tiguer.RicosCafe;
				PRODUCT_NAME = "$(TARGET_NAME)";
				SWIFT_VERSION = 4.2;
				TARGETED_DEVICE_FAMILY = "1,2";
			};
			name = Release;
		};
		A863A43B21AF07E700E73566 /* Debug */ = {
			isa = XCBuildConfiguration;
			baseConfigurationReference = F402D9E639BBF7F4619C55AF /* Pods-RicosCafeTests.debug.xcconfig */;
			buildSettings = {
				ALWAYS_EMBED_SWIFT_STANDARD_LIBRARIES = YES;
				BUNDLE_LOADER = "$(TEST_HOST)";
				CLANG_ENABLE_MODULES = YES;
				CODE_SIGN_STYLE = Automatic;
				DEVELOPMENT_TEAM = 462PHCYTGY;
				INFOPLIST_FILE = RicosCafeTests/Info.plist;
				LD_RUNPATH_SEARCH_PATHS = (
					"$(inherited)",
					"@executable_path/Frameworks",
					"@loader_path/Frameworks",
				);
				PRODUCT_BUNDLE_IDENTIFIER = com.tiguer.RicosCafeTests;
				PRODUCT_NAME = "$(TARGET_NAME)";
				SWIFT_OPTIMIZATION_LEVEL = "-Onone";
				SWIFT_VERSION = 4.2;
				TARGETED_DEVICE_FAMILY = "1,2";
				TEST_HOST = "$(BUILT_PRODUCTS_DIR)/RicosCafe.app/RicosCafe";
			};
			name = Debug;
		};
		A863A43C21AF07E700E73566 /* Release */ = {
			isa = XCBuildConfiguration;
			baseConfigurationReference = 8BA05BA28DAF99607C194EAE /* Pods-RicosCafeTests.release.xcconfig */;
			buildSettings = {
				ALWAYS_EMBED_SWIFT_STANDARD_LIBRARIES = YES;
				BUNDLE_LOADER = "$(TEST_HOST)";
				CLANG_ENABLE_MODULES = YES;
				CODE_SIGN_STYLE = Automatic;
				DEVELOPMENT_TEAM = 462PHCYTGY;
				INFOPLIST_FILE = RicosCafeTests/Info.plist;
				LD_RUNPATH_SEARCH_PATHS = (
					"$(inherited)",
					"@executable_path/Frameworks",
					"@loader_path/Frameworks",
				);
				PRODUCT_BUNDLE_IDENTIFIER = com.tiguer.RicosCafeTests;
				PRODUCT_NAME = "$(TARGET_NAME)";
				SWIFT_VERSION = 4.2;
				TARGETED_DEVICE_FAMILY = "1,2";
				TEST_HOST = "$(BUILT_PRODUCTS_DIR)/RicosCafe.app/RicosCafe";
			};
			name = Release;
		};
		A863A43E21AF07E700E73566 /* Debug */ = {
			isa = XCBuildConfiguration;
			buildSettings = {
				ALWAYS_EMBED_SWIFT_STANDARD_LIBRARIES = YES;
				CODE_SIGN_STYLE = Automatic;
				DEVELOPMENT_TEAM = 462PHCYTGY;
				INFOPLIST_FILE = RicosCafeUITests/Info.plist;
				LD_RUNPATH_SEARCH_PATHS = (
					"$(inherited)",
					"@executable_path/Frameworks",
					"@loader_path/Frameworks",
				);
				PRODUCT_BUNDLE_IDENTIFIER = com.tiguer.RicosCafeUITests;
				PRODUCT_NAME = "$(TARGET_NAME)";
				SWIFT_VERSION = 4.2;
				TARGETED_DEVICE_FAMILY = "1,2";
				TEST_TARGET_NAME = RicosCafe;
			};
			name = Debug;
		};
		A863A43F21AF07E700E73566 /* Release */ = {
			isa = XCBuildConfiguration;
			buildSettings = {
				ALWAYS_EMBED_SWIFT_STANDARD_LIBRARIES = YES;
				CODE_SIGN_STYLE = Automatic;
				DEVELOPMENT_TEAM = 462PHCYTGY;
				INFOPLIST_FILE = RicosCafeUITests/Info.plist;
				LD_RUNPATH_SEARCH_PATHS = (
					"$(inherited)",
					"@executable_path/Frameworks",
					"@loader_path/Frameworks",
				);
				PRODUCT_BUNDLE_IDENTIFIER = com.tiguer.RicosCafeUITests;
				PRODUCT_NAME = "$(TARGET_NAME)";
				SWIFT_VERSION = 4.2;
				TARGETED_DEVICE_FAMILY = "1,2";
				TEST_TARGET_NAME = RicosCafe;
			};
			name = Release;
		};
/* End XCBuildConfiguration section */

/* Begin XCConfigurationList section */
		A863A40A21AF07E500E73566 /* Build configuration list for PBXProject "RicosCafe" */ = {
			isa = XCConfigurationList;
			buildConfigurations = (
				A863A43521AF07E700E73566 /* Debug */,
				A863A43621AF07E700E73566 /* Release */,
			);
			defaultConfigurationIsVisible = 0;
			defaultConfigurationName = Release;
		};
		A863A43721AF07E700E73566 /* Build configuration list for PBXNativeTarget "RicosCafe" */ = {
			isa = XCConfigurationList;
			buildConfigurations = (
				A863A43821AF07E700E73566 /* Debug */,
				A863A43921AF07E700E73566 /* Release */,
			);
			defaultConfigurationIsVisible = 0;
			defaultConfigurationName = Release;
		};
		A863A43A21AF07E700E73566 /* Build configuration list for PBXNativeTarget "RicosCafeTests" */ = {
			isa = XCConfigurationList;
			buildConfigurations = (
				A863A43B21AF07E700E73566 /* Debug */,
				A863A43C21AF07E700E73566 /* Release */,
			);
			defaultConfigurationIsVisible = 0;
			defaultConfigurationName = Release;
		};
		A863A43D21AF07E700E73566 /* Build configuration list for PBXNativeTarget "RicosCafeUITests" */ = {
			isa = XCConfigurationList;
			buildConfigurations = (
				A863A43E21AF07E700E73566 /* Debug */,
				A863A43F21AF07E700E73566 /* Release */,
			);
			defaultConfigurationIsVisible = 0;
			defaultConfigurationName = Release;
		};
/* End XCConfigurationList section */
	};
	rootObject = A863A40721AF07E500E73566 /* Project object */;
}
